{
  "name": "discord bot",
  "lockfileVersion": 2,
  "requires": true,
  "packages": {
    "": {
      "dependencies": {
        "slappy": "^1.0.0"
      }
    },
    "node_modules/slappy": {
      "version": "1.0.0",
      "resolved": "https://registry.npmjs.org/slappy/-/slappy-1.0.0.tgz",
      "integrity": "sha512-JgZ470c9b4HAv3Obn59Cerku6kOQGsda1Zpbz6HtuY329qu/j97hNglHOVlFhHsUx0GqEvc4EeYrkcQKCqJOfg=="
    }
  },
  "dependencies": {
    "slappy": {
      "version": "1.0.0",
      "resolved": "https://registry.npmjs.org/slappy/-/slappy-1.0.0.tgz",
      "integrity": "sha512-JgZ470c9b4HAv3Obn59Cerku6kOQGsda1Zpbz6HtuY329qu/j97hNglHOVlFhHsUx0GqEvc4EeYrkcQKCqJOfg=="
    }
  }
}
